# This file is automatically @generated by Cargo.
# It is not intended for manual editing.
version = 4

[[package]]
name = "sabai"
version = "0.0.0"
dependencies = [
 "sabai-auth",
 "sabai-http",
 "sabai-orm",
 "sabai-queue",
]

[[package]]
name = "sabai-auth"
version = "0.0.0"

[[package]]
name = "sabai-cache"
version = "0.0.0"

[[package]]
name = "sabai-cli"
version = "0.0.0"

[[package]]
name = "sabai-core"
version = "0.0.0"

[[package]]
name = "sabai-http"
version = "0.0.0"

[[package]]
name = "sabai-macros"
version = "0.0.0"

[[package]]
name = "sabai-mail"
version = "0.0.0"

[[package]]
name = "sabai-notify"
version = "0.0.0"

[[package]]
name = "sabai-orm"
version = "0.0.0"

[[package]]
name = "sabai-queue"
version = "0.0.0"

[[package]]
name = "sabai-storage"
version = "0.0.0"

[[package]]
name = "sabai-storage-s3"
version = "0.0.0"

[[package]]
name = "sabai-testing"
version = "0.0.0"
